Microsoft Visual Studio Solution File, Format Version 12.00
# Visual Studio Version 17
VisualStudioVersion = 17.5.2.0
MinimumVisualStudioVersion = 10.0.40219.1
Project("{FAE04EC0-301F-11D3-BF4B-00C04F79EFBC}") = "McpRestaurantClient", "McpRestaurantClient\McpRestaurantClient.csproj", "{0657460D-EF76-E0D8-4E62-B1A4AAF541AE}"
EndProject
Global
	GlobalSection(SolutionConfigurationPlatforms) = preSolution
		Debug|Any CPU = Debug|Any CPU
		Release|Any CPU = Release|Any CPU
	EndGlobalSection
	GlobalSection(ProjectConfigurationPlatforms) = postSolution
		{0657460D-EF76-E0D8-4E62-B1A4AAF541AE}.Debug|Any CPU.ActiveCfg = Debug|Any CPU
		{0657460D-EF76-E0D8-4E62-B1A4AAF541AE}.Debug|Any CPU.Build.0 = Debug|Any CPU
		{0657460D-EF76-E0D8-4E62-B1A4AAF541AE}.Release|Any CPU.ActiveCfg = Release|Any CPU
		{0657460D-EF76-E0D8-4E62-B1A4AAF541AE}.Release|Any CPU.Build.0 = Release|Any CPU
	EndGlobalSection
	GlobalSection(SolutionProperties) = preSolution
		HideSolutionNode = FALSE
	EndGlobalSection
	GlobalSection(ExtensibilityGlobals) = postSolution
		SolutionGuid = {29EADB65-E242-4CD7-B12F-3163A2F56D98}
	EndGlobalSection
EndGlobal
