Microsoft Visual Studio Solution File, Format Version 12.00
# Visual Studio Version 17
VisualStudioVersion = 17.5.2.0
MinimumVisualStudioVersion = 10.0.40219.1
Project("{FAE04EC0-301F-11D3-BF4B-00C04F79EFBC}") = "DemoService", "DemoService.csproj", "{73192F40-8E66-9470-7757-0217228F2CAB}"
EndProject
Global
	GlobalSection(SolutionConfigurationPlatforms) = preSolution
		Debug|Any CPU = Debug|Any CPU
		Release|Any CPU = Release|Any CPU
	EndGlobalSection
	GlobalSection(ProjectConfigurationPlatforms) = postSolution
		{73192F40-8E66-9470-7757-0217228F2CAB}.Debug|Any CPU.ActiveCfg = Debug|Any CPU
		{73192F40-8E66-9470-7757-0217228F2CAB}.Debug|Any CPU.Build.0 = Debug|Any CPU
		{73192F40-8E66-9470-7757-0217228F2CAB}.Release|Any CPU.ActiveCfg = Release|Any CPU
		{73192F40-8E66-9470-7757-0217228F2CAB}.Release|Any CPU.Build.0 = Release|Any CPU
	EndGlobalSection
	GlobalSection(SolutionProperties) = preSolution
		HideSolutionNode = FALSE
	EndGlobalSection
	GlobalSection(ExtensibilityGlobals) = postSolution
		SolutionGuid = {D8DA5ADE-F79F-4411-A705-E8CC2777FA1B}
	EndGlobalSection
EndGlobal
